
Microsoft Visual Studio Solution File, Format Version 12.00
# Visual Studio 15
VisualStudioVersion = 15.0.27130.2026
MinimumVisualStudioVersion = 10.0.40219.1
Project("{FAE04EC0-301F-11D3-BF4B-00C04F79EFBC}") = "WordMixerWpf", "WordMixerWpf\WordMixerWpf.csproj", "{6CEA3BFC-E840-43E7-A79A-2073C940A80E}"
EndProject
Global
	GlobalSection(SolutionConfigurationPlatforms) = preSolution
		Debug|Any CPU = Debug|Any CPU
		Release|Any CPU = Release|Any CPU
	EndGlobalSection
	GlobalSection(ProjectConfigurationPlatforms) = postSolution
		{6CEA3BFC-E840-43E7-A79A-2073C940A80E}.Debug|Any CPU.ActiveCfg = Debug|Any CPU
		{6CEA3BFC-E840-43E7-A79A-2073C940A80E}.Debug|Any CPU.Build.0 = Debug|Any CPU
		{6CEA3BFC-E840-43E7-A79A-2073C940A80E}.Release|Any CPU.ActiveCfg = Release|Any CPU
		{6CEA3BFC-E840-43E7-A79A-2073C940A80E}.Release|Any CPU.Build.0 = Release|Any CPU
	EndGlobalSection
	GlobalSection(SolutionProperties) = preSolution
		HideSolutionNode = FALSE
	EndGlobalSection
	GlobalSection(ExtensibilityGlobals) = postSolution
		SolutionGuid = {96A6A799-4AFE-40F8-8316-A5A9744A74EA}
	EndGlobalSection
EndGlobal
