
Microsoft Visual Studio Solution File, Format Version 12.00
# Visual Studio 15
VisualStudioVersion = 15.0.27130.2026
MinimumVisualStudioVersion = 10.0.40219.1
Project("{FAE04EC0-301F-11D3-BF4B-00C04F79EFBC}") = "Tunnikontroll", "Tunnikontroll\Tunnikontroll.csproj", "{474C28ED-095D-45EB-8904-C68B39CCE11E}"
EndProject
Global
	GlobalSection(SolutionConfigurationPlatforms) = preSolution
		Debug|Any CPU = Debug|Any CPU
		Release|Any CPU = Release|Any CPU
	EndGlobalSection
	GlobalSection(ProjectConfigurationPlatforms) = postSolution
		{474C28ED-095D-45EB-8904-C68B39CCE11E}.Debug|Any CPU.ActiveCfg = Debug|Any CPU
		{474C28ED-095D-45EB-8904-C68B39CCE11E}.Debug|Any CPU.Build.0 = Debug|Any CPU
		{474C28ED-095D-45EB-8904-C68B39CCE11E}.Release|Any CPU.ActiveCfg = Release|Any CPU
		{474C28ED-095D-45EB-8904-C68B39CCE11E}.Release|Any CPU.Build.0 = Release|Any CPU
	EndGlobalSection
	GlobalSection(SolutionProperties) = preSolution
		HideSolutionNode = FALSE
	EndGlobalSection
	GlobalSection(ExtensibilityGlobals) = postSolution
		SolutionGuid = {39CB3C3E-556F-40B4-947A-94BB7C07E40D}
	EndGlobalSection
EndGlobal
