
Microsoft Visual Studio Solution File, Format Version 12.00
# Visual Studio 15
VisualStudioVersion = 15.0.27004.2005
MinimumVisualStudioVersion = 10.0.40219.1
Project("{9A19103F-16F7-4668-BE54-9A1E7A4F7556}") = "01GuessTheNumber", "01GuessTheNumber\01GuessTheNumber.csproj", "{BB10A166-1FF5-466D-B6FC-87E2F07FDF12}"
EndProject
Project("{FAE04EC0-301F-11D3-BF4B-00C04F79EFBC}") = "03ClassInheritance", "03ClassInheritance\03ClassInheritance.csproj", "{D46AB095-A911-4FE8-A5AE-35D66F7C8A29}"
EndProject
Global
	GlobalSection(SolutionConfigurationPlatforms) = preSolution
		Debug|Any CPU = Debug|Any CPU
		Release|Any CPU = Release|Any CPU
	EndGlobalSection
	GlobalSection(ProjectConfigurationPlatforms) = postSolution
		{BB10A166-1FF5-466D-B6FC-87E2F07FDF12}.Debug|Any CPU.ActiveCfg = Debug|Any CPU
		{BB10A166-1FF5-466D-B6FC-87E2F07FDF12}.Debug|Any CPU.Build.0 = Debug|Any CPU
		{BB10A166-1FF5-466D-B6FC-87E2F07FDF12}.Release|Any CPU.ActiveCfg = Release|Any CPU
		{BB10A166-1FF5-466D-B6FC-87E2F07FDF12}.Release|Any CPU.Build.0 = Release|Any CPU
		{D46AB095-A911-4FE8-A5AE-35D66F7C8A29}.Debug|Any CPU.ActiveCfg = Debug|Any CPU
		{D46AB095-A911-4FE8-A5AE-35D66F7C8A29}.Debug|Any CPU.Build.0 = Debug|Any CPU
		{D46AB095-A911-4FE8-A5AE-35D66F7C8A29}.Release|Any CPU.ActiveCfg = Release|Any CPU
		{D46AB095-A911-4FE8-A5AE-35D66F7C8A29}.Release|Any CPU.Build.0 = Release|Any CPU
	EndGlobalSection
	GlobalSection(SolutionProperties) = preSolution
		HideSolutionNode = FALSE
	EndGlobalSection
	GlobalSection(ExtensibilityGlobals) = postSolution
		SolutionGuid = {4B312DF6-07CF-41B2-A263-63E3E9B2A003}
	EndGlobalSection
EndGlobal
