
Microsoft Visual Studio Solution File, Format Version 12.00
# Visual Studio 15
VisualStudioVersion = 15.0.27004.2005
MinimumVisualStudioVersion = 10.0.40219.1
Project("{FAE04EC0-301F-11D3-BF4B-00C04F79EFBC}") = "01Allahindlus", "01Allahindlus\01Allahindlus.csproj", "{6ECC1887-4C0F-40F1-9445-32D88A3CF23E}"
EndProject
Project("{FAE04EC0-301F-11D3-BF4B-00C04F79EFBC}") = "02Korrutustabel", "02Korrutustabel\02Korrutustabel.csproj", "{8A57FA80-363E-4070-B5C1-2946FBF622F5}"
EndProject
Project("{FAE04EC0-301F-11D3-BF4B-00C04F79EFBC}") = "ArrayExample", "ArrayExample\ArrayExample.csproj", "{D270D98B-DAB5-44F3-965C-B976352EE680}"
EndProject
Project("{FAE04EC0-301F-11D3-BF4B-00C04F79EFBC}") = "ExcuseGenerator", "ExcuseGenerator\ExcuseGenerator.csproj", "{CF1EB716-042C-4000-BCF5-783311A8DB37}"
EndProject
Global
	GlobalSection(SolutionConfigurationPlatforms) = preSolution
		Debug|Any CPU = Debug|Any CPU
		Release|Any CPU = Release|Any CPU
	EndGlobalSection
	GlobalSection(ProjectConfigurationPlatforms) = postSolution
		{6ECC1887-4C0F-40F1-9445-32D88A3CF23E}.Debug|Any CPU.ActiveCfg = Debug|Any CPU
		{6ECC1887-4C0F-40F1-9445-32D88A3CF23E}.Debug|Any CPU.Build.0 = Debug|Any CPU
		{6ECC1887-4C0F-40F1-9445-32D88A3CF23E}.Release|Any CPU.ActiveCfg = Release|Any CPU
		{6ECC1887-4C0F-40F1-9445-32D88A3CF23E}.Release|Any CPU.Build.0 = Release|Any CPU
		{8A57FA80-363E-4070-B5C1-2946FBF622F5}.Debug|Any CPU.ActiveCfg = Debug|Any CPU
		{8A57FA80-363E-4070-B5C1-2946FBF622F5}.Debug|Any CPU.Build.0 = Debug|Any CPU
		{8A57FA80-363E-4070-B5C1-2946FBF622F5}.Release|Any CPU.ActiveCfg = Release|Any CPU
		{8A57FA80-363E-4070-B5C1-2946FBF622F5}.Release|Any CPU.Build.0 = Release|Any CPU
		{D270D98B-DAB5-44F3-965C-B976352EE680}.Debug|Any CPU.ActiveCfg = Debug|Any CPU
		{D270D98B-DAB5-44F3-965C-B976352EE680}.Debug|Any CPU.Build.0 = Debug|Any CPU
		{D270D98B-DAB5-44F3-965C-B976352EE680}.Release|Any CPU.ActiveCfg = Release|Any CPU
		{D270D98B-DAB5-44F3-965C-B976352EE680}.Release|Any CPU.Build.0 = Release|Any CPU
		{CF1EB716-042C-4000-BCF5-783311A8DB37}.Debug|Any CPU.ActiveCfg = Debug|Any CPU
		{CF1EB716-042C-4000-BCF5-783311A8DB37}.Debug|Any CPU.Build.0 = Debug|Any CPU
		{CF1EB716-042C-4000-BCF5-783311A8DB37}.Release|Any CPU.ActiveCfg = Release|Any CPU
		{CF1EB716-042C-4000-BCF5-783311A8DB37}.Release|Any CPU.Build.0 = Release|Any CPU
	EndGlobalSection
	GlobalSection(SolutionProperties) = preSolution
		HideSolutionNode = FALSE
	EndGlobalSection
	GlobalSection(ExtensibilityGlobals) = postSolution
		SolutionGuid = {C199CB7B-9AE3-4098-8FDE-AAC5C8E872B0}
	EndGlobalSection
EndGlobal
