
Microsoft Visual Studio Solution File, Format Version 12.00
# Visual Studio 15
VisualStudioVersion = 15.0.26730.16
MinimumVisualStudioVersion = 10.0.40219.1
Project("{FAE04EC0-301F-11D3-BF4B-00C04F79EFBC}") = "01HelloWorld", "HelloWorld\01HelloWorld.csproj", "{7A953043-9A40-404D-984E-AFA7FE55D571}"
EndProject
Project("{FAE04EC0-301F-11D3-BF4B-00C04F79EFBC}") = "02StringPractice", "02StringPractice\02StringPractice.csproj", "{9923C85E-C9D0-41FE-843A-4D71906AE152}"
EndProject
Project("{FAE04EC0-301F-11D3-BF4B-00C04F79EFBC}") = "03UserInput", "03UserInput\03UserInput.csproj", "{75D7CE90-E9B9-4262-B3D5-4C8A8351B146}"
EndProject
Project("{FAE04EC0-301F-11D3-BF4B-00C04F79EFBC}") = "04SumOfTwoNumbers", "04SumOfTwoNumbers\04SumOfTwoNumbers.csproj", "{98D83040-111F-4A15-8B57-AF35A91911FB}"
EndProject
Global
	GlobalSection(SolutionConfigurationPlatforms) = preSolution
		Debug|Any CPU = Debug|Any CPU
		Release|Any CPU = Release|Any CPU
	EndGlobalSection
	GlobalSection(ProjectConfigurationPlatforms) = postSolution
		{7A953043-9A40-404D-984E-AFA7FE55D571}.Debug|Any CPU.ActiveCfg = Debug|Any CPU
		{7A953043-9A40-404D-984E-AFA7FE55D571}.Debug|Any CPU.Build.0 = Debug|Any CPU
		{7A953043-9A40-404D-984E-AFA7FE55D571}.Release|Any CPU.ActiveCfg = Release|Any CPU
		{7A953043-9A40-404D-984E-AFA7FE55D571}.Release|Any CPU.Build.0 = Release|Any CPU
		{9923C85E-C9D0-41FE-843A-4D71906AE152}.Debug|Any CPU.ActiveCfg = Debug|Any CPU
		{9923C85E-C9D0-41FE-843A-4D71906AE152}.Debug|Any CPU.Build.0 = Debug|Any CPU
		{9923C85E-C9D0-41FE-843A-4D71906AE152}.Release|Any CPU.ActiveCfg = Release|Any CPU
		{9923C85E-C9D0-41FE-843A-4D71906AE152}.Release|Any CPU.Build.0 = Release|Any CPU
		{75D7CE90-E9B9-4262-B3D5-4C8A8351B146}.Debug|Any CPU.ActiveCfg = Debug|Any CPU
		{75D7CE90-E9B9-4262-B3D5-4C8A8351B146}.Debug|Any CPU.Build.0 = Debug|Any CPU
		{75D7CE90-E9B9-4262-B3D5-4C8A8351B146}.Release|Any CPU.ActiveCfg = Release|Any CPU
		{75D7CE90-E9B9-4262-B3D5-4C8A8351B146}.Release|Any CPU.Build.0 = Release|Any CPU
		{98D83040-111F-4A15-8B57-AF35A91911FB}.Debug|Any CPU.ActiveCfg = Debug|Any CPU
		{98D83040-111F-4A15-8B57-AF35A91911FB}.Debug|Any CPU.Build.0 = Debug|Any CPU
		{98D83040-111F-4A15-8B57-AF35A91911FB}.Release|Any CPU.ActiveCfg = Release|Any CPU
		{98D83040-111F-4A15-8B57-AF35A91911FB}.Release|Any CPU.Build.0 = Release|Any CPU
	EndGlobalSection
	GlobalSection(SolutionProperties) = preSolution
		HideSolutionNode = FALSE
	EndGlobalSection
	GlobalSection(ExtensibilityGlobals) = postSolution
		SolutionGuid = {D689E074-7A12-432E-9392-89FD55E3CB98}
	EndGlobalSection
EndGlobal
